
Microsoft Visual Studio Solution File, Format Version 12.00
# Visual Studio 2012
Project("{FAE04EC0-301F-11D3-BF4B-00C04F79EFBC}") = "AD", "AD\AD.csproj", "{CA822C3E-E686-4CCA-919B-2F8BF27132A4}"
EndProject
Global
	GlobalSection(SolutionConfigurationPlatforms) = preSolution
		Debug|Any CPU = Debug|Any CPU
		Release|Any CPU = Release|Any CPU
	EndGlobalSection
	GlobalSection(ProjectConfigurationPlatforms) = postSolution
		{CA822C3E-E686-4CCA-919B-2F8BF27132A4}.Debug|Any CPU.ActiveCfg = Debug|Any CPU
		{CA822C3E-E686-4CCA-919B-2F8BF27132A4}.Debug|Any CPU.Build.0 = Debug|Any CPU
		{CA822C3E-E686-4CCA-919B-2F8BF27132A4}.Release|Any CPU.ActiveCfg = Release|Any CPU
		{CA822C3E-E686-4CCA-919B-2F8BF27132A4}.Release|Any CPU.Build.0 = Release|Any CPU
	EndGlobalSection
	GlobalSection(SolutionProperties) = preSolution
		HideSolutionNode = FALSE
	EndGlobalSection
EndGlobal
